
Microsoft Visual Studio Solution File, Format Version 12.00
# Visual Studio Version 17
VisualStudioVersion = 17.0.31903.59
MinimumVisualStudioVersion = 10.0.40219.1
Project("{2150E333-8FDC-42A3-9474-1A3956D46DE8}") = "Shared", "Shared", "{02EA681E-C7D8-13C7-8484-4AC65E1B71E8}"
EndProject
Project("{FAE04EC0-301F-11D3-BF4B-00C04F79EFBC}") = "TaskAwait.Shared", "TaskAwait.Shared\TaskAwait.Shared.csproj", "{8CFC053F-7429-43FB-A364-B095D7460588}"
EndProject
Project("{FAE04EC0-301F-11D3-BF4B-00C04F79EFBC}") = "People.Service", "People.Service\People.Service.csproj", "{DDCE7275-1A60-49E5-992F-A6074ADCA01B}"
EndProject
Project("{FAE04EC0-301F-11D3-BF4B-00C04F79EFBC}") = "TaskAwait.Library", "TaskAwait.Library\TaskAwait.Library.csproj", "{EE92EBF2-A154-44A5-8C31-62872E9B0AA9}"
EndProject
Project("{2150E333-8FDC-42A3-9474-1A3956D46DE8}") = "Concurrent", "Concurrent", "{48B2F0FF-ED6E-4BE3-9097-BA9A5B796919}"
EndProject
Project("{FAE04EC0-301F-11D3-BF4B-00C04F79EFBC}") = "Concurrent.UI.Desktop", "Concurrent.UI.Desktop\Concurrent.UI.Desktop.csproj", "{EE9A5AFC-4C55-4F0E-A4E4-608D8AB63C47}"
EndProject
Project("{FAE04EC0-301F-11D3-BF4B-00C04F79EFBC}") = "Concurrent.UI.Console", "Concurrent.UI.Console\Concurrent.UI.Console.csproj", "{03008FA1-4D58-456D-BAB1-6C18CBDEC3E3}"
EndProject
Project("{FAE04EC0-301F-11D3-BF4B-00C04F79EFBC}") = "Concurrent.UI.Web", "Concurrent.UI.Web\Concurrent.UI.Web.csproj", "{5808BB41-B669-43AF-BAC9-D80788386600}"
EndProject
Project("{2150E333-8FDC-42A3-9474-1A3956D46DE8}") = "Parallel", "Parallel", "{8F7EA4A7-AC1D-4C0E-839A-FDDD9D9B9FBA}"
EndProject
Project("{FAE04EC0-301F-11D3-BF4B-00C04F79EFBC}") = "Parallel.Basic", "Parallel.Basic\Parallel.Basic.csproj", "{FE638875-43C4-4DA8-B1C2-5FE3A47D1994}"
EndProject
Project("{FAE04EC0-301F-11D3-BF4B-00C04F79EFBC}") = "Parallel.UI.Console", "Parallel.UI.Console\Parallel.UI.Console.csproj", "{8A9921E4-ACBA-4222-9EA5-014AABC171BD}"
EndProject
Project("{FAE04EC0-301F-11D3-BF4B-00C04F79EFBC}") = "Parallel.UI.Desktop", "Parallel.UI.Desktop\Parallel.UI.Desktop.csproj", "{10588130-3209-4F32-9B97-0D22EA0F2B9F}"
EndProject
Project("{FAE04EC0-301F-11D3-BF4B-00C04F79EFBC}") = "Parallel.UI.Web", "Parallel.UI.Web\Parallel.UI.Web.csproj", "{B501C0CE-6576-4DEC-BB51-E4D0C636F6F7}"
EndProject
Project("{2150E333-8FDC-42A3-9474-1A3956D46DE8}") = "ProgressReporting", "ProgressReporting", "{C3995FF2-A702-4486-A24D-DF0194415C11}"
EndProject
Project("{FAE04EC0-301F-11D3-BF4B-00C04F79EFBC}") = "ProgressReport.UI.Console", "ProgressReport.UI.Console\ProgressReport.UI.Console.csproj", "{6D89927A-FEE9-422E-9805-93B09D00FBC6}"
EndProject
Project("{FAE04EC0-301F-11D3-BF4B-00C04F79EFBC}") = "ProgressReport.UI.Desktop", "ProgressReport.UI.Desktop\ProgressReport.UI.Desktop.csproj", "{FA4440AE-C2F5-469D-A25E-D00E1A9C1721}"
EndProject
Project("{FAE04EC0-301F-11D3-BF4B-00C04F79EFBC}") = "Parallel.Basic.WithExceptions", "Parallel.Basic.WithExceptions\Parallel.Basic.WithExceptions.csproj", "{6709294E-42A5-E306-B336-98971100AFDA}"
EndProject
Project("{2150E333-8FDC-42A3-9474-1A3956D46DE8}") = "BreakingAsync", "BreakingAsync", "{5D7760B2-33E8-492B-BA11-88DC3C411DD2}"
EndProject
Project("{FAE04EC0-301F-11D3-BF4B-00C04F79EFBC}") = "NoAsync.Library", "NoAsync.Library\NoAsync.Library.csproj", "{C3F5CF6A-4FD4-AE55-49B7-C97FFC0762C5}"
EndProject
Project("{FAE04EC0-301F-11D3-BF4B-00C04F79EFBC}") = "NoAsync.UI.Desktop", "NoAsync.UI.Desktop\NoAsync.UI.Desktop.csproj", "{18AD2EA4-F1C1-A058-7D13-F296EAF87D6E}"
EndProject
Global
	GlobalSection(SolutionConfigurationPlatforms) = preSolution
		Debug|Any CPU = Debug|Any CPU
		Release|Any CPU = Release|Any CPU
	EndGlobalSection
	GlobalSection(ProjectConfigurationPlatforms) = postSolution
		{8CFC053F-7429-43FB-A364-B095D7460588}.Debug|Any CPU.ActiveCfg = Debug|Any CPU
		{8CFC053F-7429-43FB-A364-B095D7460588}.Debug|Any CPU.Build.0 = Debug|Any CPU
		{8CFC053F-7429-43FB-A364-B095D7460588}.Release|Any CPU.ActiveCfg = Release|Any CPU
		{8CFC053F-7429-43FB-A364-B095D7460588}.Release|Any CPU.Build.0 = Release|Any CPU
		{DDCE7275-1A60-49E5-992F-A6074ADCA01B}.Debug|Any CPU.ActiveCfg = Debug|Any CPU
		{DDCE7275-1A60-49E5-992F-A6074ADCA01B}.Debug|Any CPU.Build.0 = Debug|Any CPU
		{DDCE7275-1A60-49E5-992F-A6074ADCA01B}.Release|Any CPU.ActiveCfg = Release|Any CPU
		{DDCE7275-1A60-49E5-992F-A6074ADCA01B}.Release|Any CPU.Build.0 = Release|Any CPU
		{EE92EBF2-A154-44A5-8C31-62872E9B0AA9}.Debug|Any CPU.ActiveCfg = Debug|Any CPU
		{EE92EBF2-A154-44A5-8C31-62872E9B0AA9}.Debug|Any CPU.Build.0 = Debug|Any CPU
		{EE92EBF2-A154-44A5-8C31-62872E9B0AA9}.Release|Any CPU.ActiveCfg = Release|Any CPU
		{EE92EBF2-A154-44A5-8C31-62872E9B0AA9}.Release|Any CPU.Build.0 = Release|Any CPU
		{EE9A5AFC-4C55-4F0E-A4E4-608D8AB63C47}.Debug|Any CPU.ActiveCfg = Debug|Any CPU
		{EE9A5AFC-4C55-4F0E-A4E4-608D8AB63C47}.Debug|Any CPU.Build.0 = Debug|Any CPU
		{EE9A5AFC-4C55-4F0E-A4E4-608D8AB63C47}.Release|Any CPU.ActiveCfg = Release|Any CPU
		{EE9A5AFC-4C55-4F0E-A4E4-608D8AB63C47}.Release|Any CPU.Build.0 = Release|Any CPU
		{03008FA1-4D58-456D-BAB1-6C18CBDEC3E3}.Debug|Any CPU.ActiveCfg = Debug|Any CPU
		{03008FA1-4D58-456D-BAB1-6C18CBDEC3E3}.Debug|Any CPU.Build.0 = Debug|Any CPU
		{03008FA1-4D58-456D-BAB1-6C18CBDEC3E3}.Release|Any CPU.ActiveCfg = Release|Any CPU
		{03008FA1-4D58-456D-BAB1-6C18CBDEC3E3}.Release|Any CPU.Build.0 = Release|Any CPU
		{5808BB41-B669-43AF-BAC9-D80788386600}.Debug|Any CPU.ActiveCfg = Debug|Any CPU
		{5808BB41-B669-43AF-BAC9-D80788386600}.Debug|Any CPU.Build.0 = Debug|Any CPU
		{5808BB41-B669-43AF-BAC9-D80788386600}.Release|Any CPU.ActiveCfg = Release|Any CPU
		{5808BB41-B669-43AF-BAC9-D80788386600}.Release|Any CPU.Build.0 = Release|Any CPU
		{FE638875-43C4-4DA8-B1C2-5FE3A47D1994}.Debug|Any CPU.ActiveCfg = Debug|Any CPU
		{FE638875-43C4-4DA8-B1C2-5FE3A47D1994}.Debug|Any CPU.Build.0 = Debug|Any CPU
		{FE638875-43C4-4DA8-B1C2-5FE3A47D1994}.Release|Any CPU.ActiveCfg = Release|Any CPU
		{FE638875-43C4-4DA8-B1C2-5FE3A47D1994}.Release|Any CPU.Build.0 = Release|Any CPU
		{8A9921E4-ACBA-4222-9EA5-014AABC171BD}.Debug|Any CPU.ActiveCfg = Debug|Any CPU
		{8A9921E4-ACBA-4222-9EA5-014AABC171BD}.Debug|Any CPU.Build.0 = Debug|Any CPU
		{8A9921E4-ACBA-4222-9EA5-014AABC171BD}.Release|Any CPU.ActiveCfg = Release|Any CPU
		{8A9921E4-ACBA-4222-9EA5-014AABC171BD}.Release|Any CPU.Build.0 = Release|Any CPU
		{10588130-3209-4F32-9B97-0D22EA0F2B9F}.Debug|Any CPU.ActiveCfg = Debug|Any CPU
		{10588130-3209-4F32-9B97-0D22EA0F2B9F}.Debug|Any CPU.Build.0 = Debug|Any CPU
		{10588130-3209-4F32-9B97-0D22EA0F2B9F}.Release|Any CPU.ActiveCfg = Release|Any CPU
		{10588130-3209-4F32-9B97-0D22EA0F2B9F}.Release|Any CPU.Build.0 = Release|Any CPU
		{B501C0CE-6576-4DEC-BB51-E4D0C636F6F7}.Debug|Any CPU.ActiveCfg = Debug|Any CPU
		{B501C0CE-6576-4DEC-BB51-E4D0C636F6F7}.Debug|Any CPU.Build.0 = Debug|Any CPU
		{B501C0CE-6576-4DEC-BB51-E4D0C636F6F7}.Release|Any CPU.ActiveCfg = Release|Any CPU
		{B501C0CE-6576-4DEC-BB51-E4D0C636F6F7}.Release|Any CPU.Build.0 = Release|Any CPU
		{6D89927A-FEE9-422E-9805-93B09D00FBC6}.Debug|Any CPU.ActiveCfg = Debug|Any CPU
		{6D89927A-FEE9-422E-9805-93B09D00FBC6}.Debug|Any CPU.Build.0 = Debug|Any CPU
		{6D89927A-FEE9-422E-9805-93B09D00FBC6}.Release|Any CPU.ActiveCfg = Release|Any CPU
		{6D89927A-FEE9-422E-9805-93B09D00FBC6}.Release|Any CPU.Build.0 = Release|Any CPU
		{FA4440AE-C2F5-469D-A25E-D00E1A9C1721}.Debug|Any CPU.ActiveCfg = Debug|Any CPU
		{FA4440AE-C2F5-469D-A25E-D00E1A9C1721}.Debug|Any CPU.Build.0 = Debug|Any CPU
		{FA4440AE-C2F5-469D-A25E-D00E1A9C1721}.Release|Any CPU.ActiveCfg = Release|Any CPU
		{FA4440AE-C2F5-469D-A25E-D00E1A9C1721}.Release|Any CPU.Build.0 = Release|Any CPU
		{6709294E-42A5-E306-B336-98971100AFDA}.Debug|Any CPU.ActiveCfg = Debug|Any CPU
		{6709294E-42A5-E306-B336-98971100AFDA}.Debug|Any CPU.Build.0 = Debug|Any CPU
		{6709294E-42A5-E306-B336-98971100AFDA}.Release|Any CPU.ActiveCfg = Release|Any CPU
		{6709294E-42A5-E306-B336-98971100AFDA}.Release|Any CPU.Build.0 = Release|Any CPU
		{C3F5CF6A-4FD4-AE55-49B7-C97FFC0762C5}.Debug|Any CPU.ActiveCfg = Debug|Any CPU
		{C3F5CF6A-4FD4-AE55-49B7-C97FFC0762C5}.Debug|Any CPU.Build.0 = Debug|Any CPU
		{C3F5CF6A-4FD4-AE55-49B7-C97FFC0762C5}.Release|Any CPU.ActiveCfg = Release|Any CPU
		{C3F5CF6A-4FD4-AE55-49B7-C97FFC0762C5}.Release|Any CPU.Build.0 = Release|Any CPU
		{18AD2EA4-F1C1-A058-7D13-F296EAF87D6E}.Debug|Any CPU.ActiveCfg = Debug|Any CPU
		{18AD2EA4-F1C1-A058-7D13-F296EAF87D6E}.Debug|Any CPU.Build.0 = Debug|Any CPU
		{18AD2EA4-F1C1-A058-7D13-F296EAF87D6E}.Release|Any CPU.ActiveCfg = Release|Any CPU
		{18AD2EA4-F1C1-A058-7D13-F296EAF87D6E}.Release|Any CPU.Build.0 = Release|Any CPU
	EndGlobalSection
	GlobalSection(SolutionProperties) = preSolution
		HideSolutionNode = FALSE
	EndGlobalSection
	GlobalSection(NestedProjects) = preSolution
		{8CFC053F-7429-43FB-A364-B095D7460588} = {02EA681E-C7D8-13C7-8484-4AC65E1B71E8}
		{DDCE7275-1A60-49E5-992F-A6074ADCA01B} = {02EA681E-C7D8-13C7-8484-4AC65E1B71E8}
		{EE92EBF2-A154-44A5-8C31-62872E9B0AA9} = {02EA681E-C7D8-13C7-8484-4AC65E1B71E8}
		{EE9A5AFC-4C55-4F0E-A4E4-608D8AB63C47} = {48B2F0FF-ED6E-4BE3-9097-BA9A5B796919}
		{03008FA1-4D58-456D-BAB1-6C18CBDEC3E3} = {48B2F0FF-ED6E-4BE3-9097-BA9A5B796919}
		{5808BB41-B669-43AF-BAC9-D80788386600} = {48B2F0FF-ED6E-4BE3-9097-BA9A5B796919}
		{FE638875-43C4-4DA8-B1C2-5FE3A47D1994} = {8F7EA4A7-AC1D-4C0E-839A-FDDD9D9B9FBA}
		{8A9921E4-ACBA-4222-9EA5-014AABC171BD} = {8F7EA4A7-AC1D-4C0E-839A-FDDD9D9B9FBA}
		{10588130-3209-4F32-9B97-0D22EA0F2B9F} = {8F7EA4A7-AC1D-4C0E-839A-FDDD9D9B9FBA}
		{B501C0CE-6576-4DEC-BB51-E4D0C636F6F7} = {8F7EA4A7-AC1D-4C0E-839A-FDDD9D9B9FBA}
		{6D89927A-FEE9-422E-9805-93B09D00FBC6} = {C3995FF2-A702-4486-A24D-DF0194415C11}
		{FA4440AE-C2F5-469D-A25E-D00E1A9C1721} = {C3995FF2-A702-4486-A24D-DF0194415C11}
		{6709294E-42A5-E306-B336-98971100AFDA} = {8F7EA4A7-AC1D-4C0E-839A-FDDD9D9B9FBA}
		{C3F5CF6A-4FD4-AE55-49B7-C97FFC0762C5} = {5D7760B2-33E8-492B-BA11-88DC3C411DD2}
		{18AD2EA4-F1C1-A058-7D13-F296EAF87D6E} = {5D7760B2-33E8-492B-BA11-88DC3C411DD2}
	EndGlobalSection
	GlobalSection(ExtensibilityGlobals) = postSolution
		SolutionGuid = {197137A9-1F65-452B-85E2-596AD768039C}
	EndGlobalSection
EndGlobal
